
Microsoft Visual Studio Solution File, Format Version 12.00
# Visual Studio 15
VisualStudioVersion = 15.0.28307.168
MinimumVisualStudioVersion = 10.0.40219.1
Project("{2150E333-8FDC-42A3-9474-1A3956D46DE8}") = ".nuget", ".nuget", "{7036BF40-06CF-4F06-B5F6-DEB6CE80945A}"
	ProjectSection(SolutionItems) = preProject
		.nuget\NuGet.Config = .nuget\NuGet.Config
		.nuget\NuGet.exe = .nuget\NuGet.exe
		.nuget\NuGet.targets = .nuget\NuGet.targets
	EndProjectSection
EndProject
Project("{FAE04EC0-301F-11D3-BF4B-00C04F79EFBC}") = "Remit.CachingService", "Remit.CachingService\Remit.CachingService.csproj", "{A8997781-B306-48B9-A2BA-A45EFB6E7F96}"
EndProject
Project("{FAE04EC0-301F-11D3-BF4B-00C04F79EFBC}") = "Remit.Core", "Remit.Core\Remit.Core.csproj", "{C620B128-6555-4F1C-82C7-87E759C948CE}"
EndProject
Project("{FAE04EC0-301F-11D3-BF4B-00C04F79EFBC}") = "Remit.Data", "Remit.Data\Remit.Data.csproj", "{E5C70AC1-FE25-4DDC-B7C9-44F46349A8B0}"
EndProject
Project("{FAE04EC0-301F-11D3-BF4B-00C04F79EFBC}") = "Remit.LoggerService", "Remit.LoggerService\Remit.LoggerService.csproj", "{7B5F38E8-DD12-4D1D-9BCF-11282F0C3AD4}"
EndProject
Project("{FAE04EC0-301F-11D3-BF4B-00C04F79EFBC}") = "Remit.Model", "Remit.Model\Remit.Model.csproj", "{A461C7EC-EC7A-402E-84BE-EB016FC17EE5}"
EndProject
Project("{FAE04EC0-301F-11D3-BF4B-00C04F79EFBC}") = "Remit.Web", "Remit.Web\Remit.Web.csproj", "{D97764D7-A0C5-411C-B7CC-017E84235D3B}"
EndProject
Project("{FAE04EC0-301F-11D3-BF4B-00C04F79EFBC}") = "Remit.Service", "Remit.Service\Remit.Service.csproj", "{16606571-8E5A-42E3-89B9-2AE23370F4B1}"
EndProject
Project("{FAE04EC0-301F-11D3-BF4B-00C04F79EFBC}") = "Remit.WebAPI", "Remit.WebAPI\Remit.WebAPI.csproj", "{F43FB229-11BC-4016-8679-6E5726853EA0}"
EndProject
Global
	GlobalSection(SolutionConfigurationPlatforms) = preSolution
		Debug|Any CPU = Debug|Any CPU
		Release|Any CPU = Release|Any CPU
	EndGlobalSection
	GlobalSection(ProjectConfigurationPlatforms) = postSolution
		{A8997781-B306-48B9-A2BA-A45EFB6E7F96}.Debug|Any CPU.ActiveCfg = Debug|Any CPU
		{A8997781-B306-48B9-A2BA-A45EFB6E7F96}.Debug|Any CPU.Build.0 = Debug|Any CPU
		{A8997781-B306-48B9-A2BA-A45EFB6E7F96}.Release|Any CPU.ActiveCfg = Release|Any CPU
		{A8997781-B306-48B9-A2BA-A45EFB6E7F96}.Release|Any CPU.Build.0 = Release|Any CPU
		{C620B128-6555-4F1C-82C7-87E759C948CE}.Debug|Any CPU.ActiveCfg = Debug|Any CPU
		{C620B128-6555-4F1C-82C7-87E759C948CE}.Debug|Any CPU.Build.0 = Debug|Any CPU
		{C620B128-6555-4F1C-82C7-87E759C948CE}.Release|Any CPU.ActiveCfg = Release|Any CPU
		{C620B128-6555-4F1C-82C7-87E759C948CE}.Release|Any CPU.Build.0 = Release|Any CPU
		{E5C70AC1-FE25-4DDC-B7C9-44F46349A8B0}.Debug|Any CPU.ActiveCfg = Debug|Any CPU
		{E5C70AC1-FE25-4DDC-B7C9-44F46349A8B0}.Debug|Any CPU.Build.0 = Debug|Any CPU
		{E5C70AC1-FE25-4DDC-B7C9-44F46349A8B0}.Release|Any CPU.ActiveCfg = Release|Any CPU
		{E5C70AC1-FE25-4DDC-B7C9-44F46349A8B0}.Release|Any CPU.Build.0 = Release|Any CPU
		{7B5F38E8-DD12-4D1D-9BCF-11282F0C3AD4}.Debug|Any CPU.ActiveCfg = Debug|Any CPU
		{7B5F38E8-DD12-4D1D-9BCF-11282F0C3AD4}.Debug|Any CPU.Build.0 = Debug|Any CPU
		{7B5F38E8-DD12-4D1D-9BCF-11282F0C3AD4}.Release|Any CPU.ActiveCfg = Release|Any CPU
		{7B5F38E8-DD12-4D1D-9BCF-11282F0C3AD4}.Release|Any CPU.Build.0 = Release|Any CPU
		{A461C7EC-EC7A-402E-84BE-EB016FC17EE5}.Debug|Any CPU.ActiveCfg = Debug|Any CPU
		{A461C7EC-EC7A-402E-84BE-EB016FC17EE5}.Debug|Any CPU.Build.0 = Debug|Any CPU
		{A461C7EC-EC7A-402E-84BE-EB016FC17EE5}.Release|Any CPU.ActiveCfg = Release|Any CPU
		{A461C7EC-EC7A-402E-84BE-EB016FC17EE5}.Release|Any CPU.Build.0 = Release|Any CPU
		{D97764D7-A0C5-411C-B7CC-017E84235D3B}.Debug|Any CPU.ActiveCfg = Debug|Any CPU
		{D97764D7-A0C5-411C-B7CC-017E84235D3B}.Debug|Any CPU.Build.0 = Debug|Any CPU
		{D97764D7-A0C5-411C-B7CC-017E84235D3B}.Release|Any CPU.ActiveCfg = Release|Any CPU
		{D97764D7-A0C5-411C-B7CC-017E84235D3B}.Release|Any CPU.Build.0 = Release|Any CPU
		{16606571-8E5A-42E3-89B9-2AE23370F4B1}.Debug|Any CPU.ActiveCfg = Debug|Any CPU
		{16606571-8E5A-42E3-89B9-2AE23370F4B1}.Debug|Any CPU.Build.0 = Debug|Any CPU
		{16606571-8E5A-42E3-89B9-2AE23370F4B1}.Release|Any CPU.ActiveCfg = Release|Any CPU
		{16606571-8E5A-42E3-89B9-2AE23370F4B1}.Release|Any CPU.Build.0 = Release|Any CPU
		{F43FB229-11BC-4016-8679-6E5726853EA0}.Debug|Any CPU.ActiveCfg = Debug|Any CPU
		{F43FB229-11BC-4016-8679-6E5726853EA0}.Debug|Any CPU.Build.0 = Debug|Any CPU
		{F43FB229-11BC-4016-8679-6E5726853EA0}.Release|Any CPU.ActiveCfg = Release|Any CPU
		{F43FB229-11BC-4016-8679-6E5726853EA0}.Release|Any CPU.Build.0 = Release|Any CPU
	EndGlobalSection
	GlobalSection(SolutionProperties) = preSolution
		HideSolutionNode = FALSE
	EndGlobalSection
	GlobalSection(ExtensibilityGlobals) = postSolution
		SolutionGuid = {514C9F1D-3FEB-4324-A71E-4F8E80855D5D}
	EndGlobalSection
EndGlobal
